// !$*UTF8*$!
{
	archiveVersion = 1;
	classes = {
	};
	objectVersion = 46;
	objects = {

/* Begin PBXBuildFile section */
		1D05F4081F302A7D002AD6A9 /* UIView+Constraints.swift in Sources */ = {isa = PBXBuildFile; fileRef = 1D05F4071F302A7D002AD6A9 /* UIView+Constraints.swift */; };
		1D05F40E1F303E34002AD6A9 /* LYRLoadableDatasource.swift in Sources */ = {isa = PBXBuildFile; fileRef = 1D05F4031F3026F6002AD6A9 /* LYRLoadableDatasource.swift */; };
		1D1941781EF4D6E000B4F1B6 /* LYRDataAdapterProtocol.swift in Sources */ = {isa = PBXBuildFile; fileRef = 1D1941771EF4D6E000B4F1B6 /* LYRDataAdapterProtocol.swift */; };
		1D19417D1EF4DE7700B4F1B6 /* LYRDataAdapter.swift in Sources */ = {isa = PBXBuildFile; fileRef = 1D19417C1EF4DE7700B4F1B6 /* LYRDataAdapter.swift */; };
		1D246A7A1EF614C0007F4865 /* LYRMainViewController.swift in Sources */ = {isa = PBXBuildFile; fileRef = 1D246A791EF614C0007F4865 /* LYRMainViewController.swift */; };
		1D30D89D1EE3998800C221A3 /* Lyrics.swift in Sources */ = {isa = PBXBuildFile; fileRef = 1D30D89C1EE3998800C221A3 /* Lyrics.swift */; };
		1D343E691F3FF19000F6114E /* NoAlbumArtSuccessView.swift in Sources */ = {isa = PBXBuildFile; fileRef = 1DF36BB11F3A9FD5006AA4D6 /* NoAlbumArtSuccessView.swift */; };
		1D343E6D1F40111900F6114E /* NothingPlayingView.xib in Resources */ = {isa = PBXBuildFile; fileRef = 1D343E6C1F40111900F6114E /* NothingPlayingView.xib */; };
		1D343E6F1F40112500F6114E /* NothingPlayingView.swift in Sources */ = {isa = PBXBuildFile; fileRef = 1D343E6E1F40112500F6114E /* NothingPlayingView.swift */; };
		1D56EFDA1EF503A8005A52B6 /* LYRGoogleMusicDataAdapter.swift in Sources */ = {isa = PBXBuildFile; fileRef = 1D56EFD91EF503A8005A52B6 /* LYRGoogleMusicDataAdapter.swift */; };
		1D730DC21EE126C900AA232A /* LYRAppDelegate.swift in Sources */ = {isa = PBXBuildFile; fileRef = 1D730DC11EE126C900AA232A /* LYRAppDelegate.swift */; };
		1D730DC71EE126C900AA232A /* Main.storyboard in Resources */ = {isa = PBXBuildFile; fileRef = 1D730DC51EE126C900AA232A /* Main.storyboard */; };
		1D730DC91EE126C900AA232A /* Assets.xcassets in Resources */ = {isa = PBXBuildFile; fileRef = 1D730DC81EE126C900AA232A /* Assets.xcassets */; };
		1D730DCC1EE126C900AA232A /* LaunchScreen.storyboard in Resources */ = {isa = PBXBuildFile; fileRef = 1D730DCA1EE126C900AA232A /* LaunchScreen.storyboard */; };
		1D730DD71EE126C900AA232A /* LyricsTests.swift in Sources */ = {isa = PBXBuildFile; fileRef = 1D730DD61EE126C900AA232A /* LyricsTests.swift */; };
		1D730DE21EE126C900AA232A /* LyricsUITests.swift in Sources */ = {isa = PBXBuildFile; fileRef = 1D730DE11EE126C900AA232A /* LyricsUITests.swift */; };
		1DC69A721F6B8D980080D204 /* LYRMediaRemoteAdapter.m in Sources */ = {isa = PBXBuildFile; fileRef = 1DC69A711F6B8D980080D204 /* LYRMediaRemoteAdapter.m */; };
		1DC97F981F3803E900EAEFC9 /* LoadingView.swift in Sources */ = {isa = PBXBuildFile; fileRef = 1DC97F971F3803E900EAEFC9 /* LoadingView.swift */; };
		1DC97F9A1F3804E900EAEFC9 /* SuccessView.xib in Resources */ = {isa = PBXBuildFile; fileRef = 1DC97F991F3804E900EAEFC9 /* SuccessView.xib */; };
		1DC97F9C1F3804F300EAEFC9 /* SuccessView.swift in Sources */ = {isa = PBXBuildFile; fileRef = 1DC97F9B1F3804F300EAEFC9 /* SuccessView.swift */; };
		1DC97F9E1F3809B100EAEFC9 /* NetworkFailureView.xib in Resources */ = {isa = PBXBuildFile; fileRef = 1DC97F9D1F3809B100EAEFC9 /* NetworkFailureView.xib */; };
		1DC97FA01F3809BC00EAEFC9 /* NetworkFailureView.swift in Sources */ = {isa = PBXBuildFile; fileRef = 1DC97F9F1F3809BC00EAEFC9 /* NetworkFailureView.swift */; };
		1DC97FA21F3809D100EAEFC9 /* GenericErrorView.xib in Resources */ = {isa = PBXBuildFile; fileRef = 1DC97FA11F3809D100EAEFC9 /* GenericErrorView.xib */; };
		1DC97FA41F3809D800EAEFC9 /* GenericErrorView.swift in Sources */ = {isa = PBXBuildFile; fileRef = 1DC97FA31F3809D800EAEFC9 /* GenericErrorView.swift */; };
		1DEA52BA1F36CB1C00500D18 /* LoadingView.xib in Resources */ = {isa = PBXBuildFile; fileRef = 1DEA52B91F36CB1C00500D18 /* LoadingView.xib */; };
		1DEA52C01F36CBEA00500D18 /* UIView+NibLoadable.swift in Sources */ = {isa = PBXBuildFile; fileRef = 1DEA52BF1F36CBEA00500D18 /* UIView+NibLoadable.swift */; };
		4227F91C51161490A0A1876C /* Pods_Lyrics.framework in Frameworks */ = {isa = PBXBuildFile; fileRef = 6A416BAC74F8F4B556767B77 /* Pods_Lyrics.framework */; };
		7A8C25A6BCDED720589B66E2 /* Pods_LyricsTests.framework in Frameworks */ = {isa = PBXBuildFile; fileRef = 9D5F7EFFB3814CE8A8A38E8C /* Pods_LyricsTests.framework */; };
		F53DFE91EBA0259EADE0EDC4 /* Pods_LyricsUITests.framework in Frameworks */ = {isa = PBXBuildFile; fileRef = 7ACC08645AA782E68F5F10C8 /* Pods_LyricsUITests.framework */; };
/* End PBXBuildFile section */

/* Begin PBXContainerItemProxy section */
		1D730DD31EE126C900AA232A /* PBXContainerItemProxy */ = {
			isa = PBXContainerItemProxy;
			containerPortal = 1D730DB61EE126C900AA232A /* Project object */;
			proxyType = 1;
			remoteGlobalIDString = 1D730DBD1EE126C900AA232A;
			remoteInfo = Lyrics;
		};
		1D730DDE1EE126C900AA232A /* PBXContainerItemProxy */ = {
			isa = PBXContainerItemProxy;
			containerPortal = 1D730DB61EE126C900AA232A /* Project object */;
			proxyType = 1;
			remoteGlobalIDString = 1D730DBD1EE126C900AA232A;
			remoteInfo = Lyrics;
		};
/* End PBXContainerItemProxy section */

/* Begin PBXFileReference section */
		1D05F4031F3026F6002AD6A9 /* LYRLoadableDatasource.swift */ = {isa = PBXFileReference; lastKnownFileType = sourcecode.swift; path = LYRLoadableDatasource.swift; sourceTree = "<group>"; };
		1D05F4071F302A7D002AD6A9 /* UIView+Constraints.swift */ = {isa = PBXFileReference; lastKnownFileType = sourcecode.swift; path = "UIView+Constraints.swift"; sourceTree = "<group>"; };
		1D1941771EF4D6E000B4F1B6 /* LYRDataAdapterProtocol.swift */ = {isa = PBXFileReference; lastKnownFileType = sourcecode.swift; path = LYRDataAdapterProtocol.swift; sourceTree = "<group>"; };
		1D19417C1EF4DE7700B4F1B6 /* LYRDataAdapter.swift */ = {isa = PBXFileReference; lastKnownFileType = sourcecode.swift; path = LYRDataAdapter.swift; sourceTree = "<group>"; };
		1D246A791EF614C0007F4865 /* LYRMainViewController.swift */ = {isa = PBXFileReference; lastKnownFileType = sourcecode.swift; path = LYRMainViewController.swift; sourceTree = "<group>"; };
		1D30D89C1EE3998800C221A3 /* Lyrics.swift */ = {isa = PBXFileReference; fileEncoding = 4; lastKnownFileType = sourcecode.swift; path = Lyrics.swift; sourceTree = "<group>"; };
		1D343E6C1F40111900F6114E /* NothingPlayingView.xib */ = {isa = PBXFileReference; fileEncoding = 4; lastKnownFileType = file.xib; path = NothingPlayingView.xib; sourceTree = "<group>"; };
		1D343E6E1F40112500F6114E /* NothingPlayingView.swift */ = {isa = PBXFileReference; fileEncoding = 4; lastKnownFileType = sourcecode.swift; path = NothingPlayingView.swift; sourceTree = "<group>"; };
		1D56EFD91EF503A8005A52B6 /* LYRGoogleMusicDataAdapter.swift */ = {isa = PBXFileReference; lastKnownFileType = sourcecode.swift; path = LYRGoogleMusicDataAdapter.swift; sourceTree = "<group>"; };
		1D730DBE1EE126C900AA232A /* Lyrics.app */ = {isa = PBXFileReference; explicitFileType = wrapper.application; includeInIndex = 0; path = Lyrics.app; sourceTree = BUILT_PRODUCTS_DIR; };
		1D730DC11EE126C900AA232A /* LYRAppDelegate.swift */ = {isa = PBXFileReference; lastKnownFileType = sourcecode.swift; path = LYRAppDelegate.swift; sourceTree = "<group>"; };
		1D730DC61EE126C900AA232A /* Base */ = {isa = PBXFileReference; lastKnownFileType = file.storyboard; name = Base; path = Base.lproj/Main.storyboard; sourceTree = "<group>"; };
		1D730DC81EE126C900AA232A /* Assets.xcassets */ = {isa = PBXFileReference; lastKnownFileType = folder.assetcatalog; path = Assets.xcassets; sourceTree = "<group>"; };
		1D730DCB1EE126C900AA232A /* Base */ = {isa = PBXFileReference; lastKnownFileType = file.storyboard; name = Base; path = Base.lproj/LaunchScreen.storyboard; sourceTree = "<group>"; };
		1D730DCD1EE126C900AA232A /* Info.plist */ = {isa = PBXFileReference; lastKnownFileType = text.plist.xml; path = Info.plist; sourceTree = "<group>"; };
		1D730DD21EE126C900AA232A /* LyricsTests.xctest */ = {isa = PBXFileReference; explicitFileType = wrapper.cfbundle; includeInIndex = 0; path = LyricsTests.xctest; sourceTree = BUILT_PRODUCTS_DIR; };
		1D730DD61EE126C900AA232A /* LyricsTests.swift */ = {isa = PBXFileReference; lastKnownFileType = sourcecode.swift; path = LyricsTests.swift; sourceTree = "<group>"; };
		1D730DD81EE126C900AA232A /* Info.plist */ = {isa = PBXFileReference; lastKnownFileType = text.plist.xml; path = Info.plist; sourceTree = "<group>"; };
		1D730DDD1EE126C900AA232A /* LyricsUITests.xctest */ = {isa = PBXFileReference; explicitFileType = wrapper.cfbundle; includeInIndex = 0; path = LyricsUITests.xctest; sourceTree = BUILT_PRODUCTS_DIR; };
		1D730DE11EE126C900AA232A /* LyricsUITests.swift */ = {isa = PBXFileReference; lastKnownFileType = sourcecode.swift; path = LyricsUITests.swift; sourceTree = "<group>"; };
		1D730DE31EE126C900AA232A /* Info.plist */ = {isa = PBXFileReference; lastKnownFileType = text.plist.xml; path = Info.plist; sourceTree = "<group>"; };
		1DC69A6C1F6A4A1A0080D204 /* MediaRemote.h */ = {isa = PBXFileReference; lastKnownFileType = sourcecode.c.h; path = MediaRemote.h; sourceTree = "<group>"; };
		1DC69A6F1F6B8D970080D204 /* Lyrics-Bridging-Header.h */ = {isa = PBXFileReference; lastKnownFileType = sourcecode.c.h; name = "Lyrics-Bridging-Header.h"; path = "Lyrics-Bridging-Header.h"; sourceTree = "<group>"; };
		1DC69A701F6B8D980080D204 /* LYRMediaRemoteAdapter.h */ = {isa = PBXFileReference; fileEncoding = 4; lastKnownFileType = sourcecode.c.h; name = LYRMediaRemoteAdapter.h; path = LYRMediaRemoteAdapter.h; sourceTree = "<group>"; };
		1DC69A711F6B8D980080D204 /* LYRMediaRemoteAdapter.m */ = {isa = PBXFileReference; fileEncoding = 4; lastKnownFileType = sourcecode.c.objc; name = LYRMediaRemoteAdapter.m; path = LYRMediaRemoteAdapter.m; sourceTree = "<group>"; };
		1DC97F971F3803E900EAEFC9 /* LoadingView.swift */ = {isa = PBXFileReference; lastKnownFileType = sourcecode.swift; path = LoadingView.swift; sourceTree = "<group>"; };
		1DC97F991F3804E900EAEFC9 /* SuccessView.xib */ = {isa = PBXFileReference; lastKnownFileType = file.xib; path = SuccessView.xib; sourceTree = "<group>"; };
		1DC97F9B1F3804F300EAEFC9 /* SuccessView.swift */ = {isa = PBXFileReference; lastKnownFileType = sourcecode.swift; path = SuccessView.swift; sourceTree = "<group>"; };
		1DC97F9D1F3809B100EAEFC9 /* NetworkFailureView.xib */ = {isa = PBXFileReference; lastKnownFileType = file.xib; path = NetworkFailureView.xib; sourceTree = "<group>"; };
		1DC97F9F1F3809BC00EAEFC9 /* NetworkFailureView.swift */ = {isa = PBXFileReference; lastKnownFileType = sourcecode.swift; path = NetworkFailureView.swift; sourceTree = "<group>"; };
		1DC97FA11F3809D100EAEFC9 /* GenericErrorView.xib */ = {isa = PBXFileReference; lastKnownFileType = file.xib; path = GenericErrorView.xib; sourceTree = "<group>"; };
		1DC97FA31F3809D800EAEFC9 /* GenericErrorView.swift */ = {isa = PBXFileReference; lastKnownFileType = sourcecode.swift; path = GenericErrorView.swift; sourceTree = "<group>"; };
		1DEA52B91F36CB1C00500D18 /* LoadingView.xib */ = {isa = PBXFileReference; lastKnownFileType = file.xib; path = LoadingView.xib; sourceTree = "<group>"; };
		1DEA52BF1F36CBEA00500D18 /* UIView+NibLoadable.swift */ = {isa = PBXFileReference; lastKnownFileType = sourcecode.swift; path = "UIView+NibLoadable.swift"; sourceTree = "<group>"; };
		1DF36BB01F3A9FD5006AA4D6 /* NoAlbumArtSuccessView.xib */ = {isa = PBXFileReference; lastKnownFileType = file.xib; path = NoAlbumArtSuccessView.xib; sourceTree = "<group>"; };
		1DF36BB11F3A9FD5006AA4D6 /* NoAlbumArtSuccessView.swift */ = {isa = PBXFileReference; lastKnownFileType = sourcecode.swift; path = NoAlbumArtSuccessView.swift; sourceTree = "<group>"; };
		24CE5F7B3FED28F2F7B502D9 /* Pods-LyricsUITests.debug.xcconfig */ = {isa = PBXFileReference; includeInIndex = 1; lastKnownFileType = text.xcconfig; name = "Pods-LyricsUITests.debug.xcconfig"; path = "Pods/Target Support Files/Pods-LyricsUITests/Pods-LyricsUITests.debug.xcconfig"; sourceTree = "<group>"; };
		262C7AAFD0C1864A163208B6 /* Pods-LyricsTests.release.xcconfig */ = {isa = PBXFileReference; includeInIndex = 1; lastKnownFileType = text.xcconfig; name = "Pods-LyricsTests.release.xcconfig"; path = "Pods/Target Support Files/Pods-LyricsTests/Pods-LyricsTests.release.xcconfig"; sourceTree = "<group>"; };
		5A14FC90A00752D5EE414715 /* Pods-Lyrics.release.xcconfig */ = {isa = PBXFileReference; includeInIndex = 1; lastKnownFileType = text.xcconfig; name = "Pods-Lyrics.release.xcconfig"; path = "Pods/Target Support Files/Pods-Lyrics/Pods-Lyrics.release.xcconfig"; sourceTree = "<group>"; };
		6A416BAC74F8F4B556767B77 /* Pods_Lyrics.framework */ = {isa = PBXFileReference; explicitFileType = wrapper.framework; includeInIndex = 0; path = Pods_Lyrics.framework; sourceTree = BUILT_PRODUCTS_DIR; };
		7ACC08645AA782E68F5F10C8 /* Pods_LyricsUITests.framework */ = {isa = PBXFileReference; explicitFileType = wrapper.framework; includeInIndex = 0; path = Pods_LyricsUITests.framework; sourceTree = BUILT_PRODUCTS_DIR; };
		9D5F7EFFB3814CE8A8A38E8C /* Pods_LyricsTests.framework */ = {isa = PBXFileReference; explicitFileType = wrapper.framework; includeInIndex = 0; path = Pods_LyricsTests.framework; sourceTree = BUILT_PRODUCTS_DIR; };
		A555DD3B878551AAB5C1E70A /* Pods-Lyrics.debug.xcconfig */ = {isa = PBXFileReference; includeInIndex = 1; lastKnownFileType = text.xcconfig; name = "Pods-Lyrics.debug.xcconfig"; path = "Pods/Target Support Files/Pods-Lyrics/Pods-Lyrics.debug.xcconfig"; sourceTree = "<group>"; };
		A7AE27A3CFB3646202F76529 /* Pods-LyricsUITests.release.xcconfig */ = {isa = PBXFileReference; includeInIndex = 1; lastKnownFileType = text.xcconfig; name = "Pods-LyricsUITests.release.xcconfig"; path = "Pods/Target Support Files/Pods-LyricsUITests/Pods-LyricsUITests.release.xcconfig"; sourceTree = "<group>"; };
		FB745B0540703BC449B94950 /* Pods-LyricsTests.debug.xcconfig */ = {isa = PBXFileReference; includeInIndex = 1; lastKnownFileType = text.xcconfig; name = "Pods-LyricsTests.debug.xcconfig"; path = "Pods/Target Support Files/Pods-LyricsTests/Pods-LyricsTests.debug.xcconfig"; sourceTree = "<group>"; };
/* End PBXFileReference section */

/* Begin PBXFrameworksBuildPhase section */
		1D730DBB1EE126C900AA232A /* Frameworks */ = {
			isa = PBXFrameworksBuildPhase;
			buildActionMask = 2147483647;
			files = (
				4227F91C51161490A0A1876C /* Pods_Lyrics.framework in Frameworks */,
			);
			runOnlyForDeploymentPostprocessing = 0;
		};
		1D730DCF1EE126C900AA232A /* Frameworks */ = {
			isa = PBXFrameworksBuildPhase;
			buildActionMask = 2147483647;
			files = (
				7A8C25A6BCDED720589B66E2 /* Pods_LyricsTests.framework in Frameworks */,
			);
			runOnlyForDeploymentPostprocessing = 0;
		};
		1D730DDA1EE126C900AA232A /* Frameworks */ = {
			isa = PBXFrameworksBuildPhase;
			buildActionMask = 2147483647;
			files = (
				F53DFE91EBA0259EADE0EDC4 /* Pods_LyricsUITests.framework in Frameworks */,
			);
			runOnlyForDeploymentPostprocessing = 0;
		};
/* End PBXFrameworksBuildPhase section */

/* Begin PBXGroup section */
		1D05F3FF1F301823002AD6A9 /* 4 Datasources */ = {
			isa = PBXGroup;
			children = (
				1D05F4031F3026F6002AD6A9 /* LYRLoadableDatasource.swift */,
			);
			name = "4 Datasources";
			path = "4 Datasources";
			sourceTree = "<group>";
		};
		1D05F4001F30186C002AD6A9 /* 6 Storyboards */ = {
			isa = PBXGroup;
			children = (
				1D730DCA1EE126C900AA232A /* LaunchScreen.storyboard */,
				1D730DC51EE126C900AA232A /* Main.storyboard */,
			);
			name = "6 Storyboards";
			path = "6 Storyboards";
			sourceTree = "<group>";
		};
		1D05F4061F302A6F002AD6A9 /* 8 Helpers+Extensions */ = {
			isa = PBXGroup;
			children = (
				1DC69A6E1F6B8D7A0080D204 /* Objc */,
				1D05F4071F302A7D002AD6A9 /* UIView+Constraints.swift */,
				1DEA52BF1F36CBEA00500D18 /* UIView+NibLoadable.swift */,
			);
			name = "8 Helpers+Extensions";
			path = "8 Helpers+Extensions";
			sourceTree = "<group>";
		};
		1D343E6A1F4010C500F6114E /* 5 Nothing Playing */ = {
			isa = PBXGroup;
			children = (
				1D343E6E1F40112500F6114E /* NothingPlayingView.swift */,
				1D343E6C1F40111900F6114E /* NothingPlayingView.xib */,
			);
			name = "5 Nothing Playing";
			path = "5 Nothing Playing";
			sourceTree = "<group>";
		};
		1D343E6B1F4010D300F6114E /* 6 No Lyrics Found */ = {
			isa = PBXGroup;
			children = (
			);
			name = "6 No Lyrics Found";
			path = "6 No Lyrics Found";
			sourceTree = "<group>";
		};
		1D730DB51EE126C900AA232A = {
			isa = PBXGroup;
			children = (
				DAB493FD9094939854C4F337 /* Frameworks */,
				1D730DC01EE126C900AA232A /* Lyrics */,
				1D730DD51EE126C900AA232A /* LyricsTests */,
				1D730DE01EE126C900AA232A /* LyricsUITests */,
				B99F85658F1380AA4B6E969F /* Pods */,
				1D730DBF1EE126C900AA232A /* Products */,
			);
			sourceTree = "<group>";
		};
		1D730DBF1EE126C900AA232A /* Products */ = {
			isa = PBXGroup;
			children = (
				1D730DBE1EE126C900AA232A /* Lyrics.app */,
				1D730DD21EE126C900AA232A /* LyricsTests.xctest */,
				1D730DDD1EE126C900AA232A /* LyricsUITests.xctest */,
			);
			name = Products;
			sourceTree = "<group>";
		};
		1D730DC01EE126C900AA232A /* Lyrics */ = {
			isa = PBXGroup;
			children = (
				1D730DEF1EE1278100AA232A /* 1 Model */,
				1D730DF01EE1278B00AA232A /* 2 View */,
				1D730DF11EE1279100AA232A /* 3 ViewController */,
				1D05F3FF1F301823002AD6A9 /* 4 Datasources */,
				1DEEDFD81EF4C7DC00355D3F /* 5 Data Adapters */,
				1D05F4001F30186C002AD6A9 /* 6 Storyboards */,
				1D730DF21EE127A200AA232A /* 7 Supporting Files */,
				1D05F4061F302A6F002AD6A9 /* 8 Helpers+Extensions */,
				1DF36BB21F3AA160006AA4D6 /* 9 Protocols */,
				1D730DC81EE126C900AA232A /* Assets.xcassets */,
				1D730DC11EE126C900AA232A /* LYRAppDelegate.swift */,
			);
			path = Lyrics;
			sourceTree = "<group>";
		};
		1D730DD51EE126C900AA232A /* LyricsTests */ = {
			isa = PBXGroup;
			children = (
				1D730DD81EE126C900AA232A /* Info.plist */,
				1D730DD61EE126C900AA232A /* LyricsTests.swift */,
			);
			path = LyricsTests;
			sourceTree = "<group>";
		};
		1D730DE01EE126C900AA232A /* LyricsUITests */ = {
			isa = PBXGroup;
			children = (
				1D730DE31EE126C900AA232A /* Info.plist */,
				1D730DE11EE126C900AA232A /* LyricsUITests.swift */,
			);
			path = LyricsUITests;
			sourceTree = "<group>";
		};
		1D730DEF1EE1278100AA232A /* 1 Model */ = {
			isa = PBXGroup;
			children = (
				1D30D89C1EE3998800C221A3 /* Lyrics.swift */,
			);
			name = "1 Model";
			path = "1 Model";
			sourceTree = "<group>";
		};
		1D730DF01EE1278B00AA232A /* 2 View */ = {
			isa = PBXGroup;
			children = (
				1DEA52BB1F36CB2100500D18 /* 1 Loading */,
				1DEA52BC1F36CB2800500D18 /* 2 Success */,
				1DEA52BD1F36CB2E00500D18 /* 3 Network Failure */,
				1DEA52BE1F36CB4100500D18 /* 4 Something Went Wrong */,
				1D343E6A1F4010C500F6114E /* 5 Nothing Playing */,
				1D343E6B1F4010D300F6114E /* 6 No Lyrics Found */,
			);
			name = "2 View";
			path = "2 View";
			sourceTree = "<group>";
		};
		1D730DF11EE1279100AA232A /* 3 ViewController */ = {
			isa = PBXGroup;
			children = (
				1D246A791EF614C0007F4865 /* LYRMainViewController.swift */,
			);
			name = "3 ViewController";
			path = "3 ViewController";
			sourceTree = "<group>";
		};
		1D730DF21EE127A200AA232A /* 7 Supporting Files */ = {
			isa = PBXGroup;
			children = (
				1D730DCD1EE126C900AA232A /* Info.plist */,
				1DC69A6F1F6B8D970080D204 /* Lyrics-Bridging-Header.h */,
			);
			name = "7 Supporting Files";
			path = "7 Supporting Files";
			sourceTree = "<group>";
		};
		1DC69A6B1F6A4A0B0080D204 /* MediaRemote */ = {
			isa = PBXGroup;
			children = (
				1DC69A6C1F6A4A1A0080D204 /* MediaRemote.h */,
			);
			name = MediaRemote;
			sourceTree = "<group>";
		};
		1DC69A6E1F6B8D7A0080D204 /* Objc */ = {
			isa = PBXGroup;
			children = (
				1DC69A701F6B8D980080D204 /* LYRMediaRemoteAdapter.h */,
				1DC69A711F6B8D980080D204 /* LYRMediaRemoteAdapter.m */,
			);
			name = Objc;
			path = Objc;
			sourceTree = "<group>";
		};
		1DEA52BB1F36CB2100500D18 /* 1 Loading */ = {
			isa = PBXGroup;
			children = (
				1DC97F971F3803E900EAEFC9 /* LoadingView.swift */,
				1DEA52B91F36CB1C00500D18 /* LoadingView.xib */,
			);
			path = "1 Loading";
			sourceTree = "<group>";
		};
		1DEA52BC1F36CB2800500D18 /* 2 Success */ = {
			isa = PBXGroup;
			children = (
				1DF36BAE1F3A9FB2006AA4D6 /* Default Success */,
				1DF36BAF1F3A9FC3006AA4D6 /* No Album Art */,
			);
			path = "2 Success";
			sourceTree = "<group>";
		};
		1DEA52BD1F36CB2E00500D18 /* 3 Network Failure */ = {
			isa = PBXGroup;
			children = (
				1DC97F9F1F3809BC00EAEFC9 /* NetworkFailureView.swift */,
				1DC97F9D1F3809B100EAEFC9 /* NetworkFailureView.xib */,
			);
			path = "3 Network Failure";
			sourceTree = "<group>";
		};
		1DEA52BE1F36CB4100500D18 /* 4 Something Went Wrong */ = {
			isa = PBXGroup;
			children = (
				1DC97FA31F3809D800EAEFC9 /* GenericErrorView.swift */,
				1DC97FA11F3809D100EAEFC9 /* GenericErrorView.xib */,
			);
			path = "4 Something Went Wrong";
			sourceTree = "<group>";
		};
		1DEEDFD81EF4C7DC00355D3F /* 5 Data Adapters */ = {
			isa = PBXGroup;
			children = (
				1D19417C1EF4DE7700B4F1B6 /* LYRDataAdapter.swift */,
				1D1941771EF4D6E000B4F1B6 /* LYRDataAdapterProtocol.swift */,
				1D56EFD91EF503A8005A52B6 /* LYRGoogleMusicDataAdapter.swift */,
			);
			name = "5 Data Adapters";
			path = "5 Data Adapters";
			sourceTree = "<group>";
		};
		1DF36BAE1F3A9FB2006AA4D6 /* Default Success */ = {
			isa = PBXGroup;
			children = (
				1DC97F9B1F3804F300EAEFC9 /* SuccessView.swift */,
				1DC97F991F3804E900EAEFC9 /* SuccessView.xib */,
			);
			path = "Default Success";
			sourceTree = "<group>";
		};
		1DF36BAF1F3A9FC3006AA4D6 /* No Album Art */ = {
			isa = PBXGroup;
			children = (
				1DF36BB11F3A9FD5006AA4D6 /* NoAlbumArtSuccessView.swift */,
				1DF36BB01F3A9FD5006AA4D6 /* NoAlbumArtSuccessView.xib */,
			);
			path = "No Album Art";
			sourceTree = "<group>";
		};
		1DF36BB21F3AA160006AA4D6 /* 9 Protocols */ = {
			isa = PBXGroup;
			children = (
			);
			path = "9 Protocols";
			sourceTree = "<group>";
		};
		B99F85658F1380AA4B6E969F /* Pods */ = {
			isa = PBXGroup;
			children = (
				A555DD3B878551AAB5C1E70A /* Pods-Lyrics.debug.xcconfig */,
				5A14FC90A00752D5EE414715 /* Pods-Lyrics.release.xcconfig */,
				FB745B0540703BC449B94950 /* Pods-LyricsTests.debug.xcconfig */,
				262C7AAFD0C1864A163208B6 /* Pods-LyricsTests.release.xcconfig */,
				24CE5F7B3FED28F2F7B502D9 /* Pods-LyricsUITests.debug.xcconfig */,
				A7AE27A3CFB3646202F76529 /* Pods-LyricsUITests.release.xcconfig */,
			);
			name = Pods;
			sourceTree = "<group>";
		};
		DAB493FD9094939854C4F337 /* Frameworks */ = {
			isa = PBXGroup;
			children = (
				1DC69A6B1F6A4A0B0080D204 /* MediaRemote */,
				6A416BAC74F8F4B556767B77 /* Pods_Lyrics.framework */,
				9D5F7EFFB3814CE8A8A38E8C /* Pods_LyricsTests.framework */,
				7ACC08645AA782E68F5F10C8 /* Pods_LyricsUITests.framework */,
			);
			name = Frameworks;
			sourceTree = "<group>";
		};
/* End PBXGroup section */

/* Begin PBXNativeTarget section */
		1D730DBD1EE126C900AA232A /* Lyrics */ = {
			isa = PBXNativeTarget;
			buildConfigurationList = 1D730DE61EE126C900AA232A /* Build configuration list for PBXNativeTarget "Lyrics" */;
			buildPhases = (
				E8056631024D1BB8E3122D44 /* [CP] Check Pods Manifest.lock */,
				1D730DBA1EE126C900AA232A /* Sources */,
				1D730DBB1EE126C900AA232A /* Frameworks */,
				1D730DBC1EE126C900AA232A /* Resources */,
				DD3C3FA72020366A8A60976F /* [CP] Embed Pods Frameworks */,
				9DFEE492E4D96F99A2E3C53E /* [CP] Copy Pods Resources */,
			);
			buildRules = (
			);
			dependencies = (
			);
			name = Lyrics;
			productName = Lyrics;
			productReference = 1D730DBE1EE126C900AA232A /* Lyrics.app */;
			productType = "com.apple.product-type.application";
		};
		1D730DD11EE126C900AA232A /* LyricsTests */ = {
			isa = PBXNativeTarget;
			buildConfigurationList = 1D730DE91EE126C900AA232A /* Build configuration list for PBXNativeTarget "LyricsTests" */;
			buildPhases = (
				F8B3AF86DF4DD60E1F56BB0E /* [CP] Check Pods Manifest.lock */,
				1D730DCE1EE126C900AA232A /* Sources */,
				1D730DCF1EE126C900AA232A /* Frameworks */,
				1D730DD01EE126C900AA232A /* Resources */,
				18563490B9D49193868C61DF /* [CP] Embed Pods Frameworks */,
				963B436F0E0BD1348638067C /* [CP] Copy Pods Resources */,
			);
			buildRules = (
			);
			dependencies = (
				1D730DD41EE126C900AA232A /* PBXTargetDependency */,
			);
			name = LyricsTests;
			productName = LyricsTests;
			productReference = 1D730DD21EE126C900AA232A /* LyricsTests.xctest */;
			productType = "com.apple.product-type.bundle.unit-test";
		};
		1D730DDC1EE126C900AA232A /* LyricsUITests */ = {
			isa = PBXNativeTarget;
			buildConfigurationList = 1D730DEC1EE126C900AA232A /* Build configuration list for PBXNativeTarget "LyricsUITests" */;
			buildPhases = (
				E3710426854C57F5E062D7C5 /* [CP] Check Pods Manifest.lock */,
				1D730DD91EE126C900AA232A /* Sources */,
				1D730DDA1EE126C900AA232A /* Frameworks */,
				1D730DDB1EE126C900AA232A /* Resources */,
				611B5A6CDA7F74D92456917B /* [CP] Embed Pods Frameworks */,
				2AD129A0807831DBDE8A120A /* [CP] Copy Pods Resources */,
			);
			buildRules = (
			);
			dependencies = (
				1D730DDF1EE126C900AA232A /* PBXTargetDependency */,
			);
			name = LyricsUITests;
			productName = LyricsUITests;
			productReference = 1D730DDD1EE126C900AA232A /* LyricsUITests.xctest */;
			productType = "com.apple.product-type.bundle.ui-testing";
		};
/* End PBXNativeTarget section */

/* Begin PBXProject section */
		1D730DB61EE126C900AA232A /* Project object */ = {
			isa = PBXProject;
			attributes = {
				CLASSPREFIX = LYR;
				LastSwiftUpdateCheck = 0830;
				LastUpgradeCheck = 0900;
				ORGANIZATIONNAME = "Vikas Shah";
				TargetAttributes = {
					1D730DBD1EE126C900AA232A = {
						CreatedOnToolsVersion = 8.3.2;
						DevelopmentTeam = 67DFAM4Q32;
						LastSwiftMigration = 0830;
						ProvisioningStyle = Automatic;
					};
					1D730DD11EE126C900AA232A = {
						CreatedOnToolsVersion = 8.3.2;
						DevelopmentTeam = 67DFAM4Q32;
						LastSwiftMigration = 0900;
						ProvisioningStyle = Automatic;
						TestTargetID = 1D730DBD1EE126C900AA232A;
					};
					1D730DDC1EE126C900AA232A = {
						CreatedOnToolsVersion = 8.3.2;
						DevelopmentTeam = 67DFAM4Q32;
						LastSwiftMigration = 0900;
						ProvisioningStyle = Automatic;
						TestTargetID = 1D730DBD1EE126C900AA232A;
					};
				};
			};
			buildConfigurationList = 1D730DB91EE126C900AA232A /* Build configuration list for PBXProject "Lyrics" */;
			compatibilityVersion = "Xcode 3.2";
			developmentRegion = English;
			hasScannedForEncodings = 0;
			knownRegions = (
				en,
				Base,
			);
			mainGroup = 1D730DB51EE126C900AA232A;
			productRefGroup = 1D730DBF1EE126C900AA232A /* Products */;
			projectDirPath = "";
			projectRoot = "";
			targets = (
				1D730DBD1EE126C900AA232A /* Lyrics */,
				1D730DD11EE126C900AA232A /* LyricsTests */,
				1D730DDC1EE126C900AA232A /* LyricsUITests */,
			);
		};
/* End PBXProject section */

/* Begin PBXResourcesBuildPhase section */
		1D730DBC1EE126C900AA232A /* Resources */ = {
			isa = PBXResourcesBuildPhase;
			buildActionMask = 2147483647;
			files = (
				1D730DCC1EE126C900AA232A /* LaunchScreen.storyboard in Resources */,
				1DC97F9A1F3804E900EAEFC9 /* SuccessView.xib in Resources */,
				1DC97F9E1F3809B100EAEFC9 /* NetworkFailureView.xib in Resources */,
				1DEA52BA1F36CB1C00500D18 /* LoadingView.xib in Resources */,
				1D730DC91EE126C900AA232A /* Assets.xcassets in Resources */,
				1D343E6D1F40111900F6114E /* NothingPlayingView.xib in Resources */,
				1D730DC71EE126C900AA232A /* Main.storyboard in Resources */,
				1DC97FA21F3809D100EAEFC9 /* GenericErrorView.xib in Resources */,
			);
			runOnlyForDeploymentPostprocessing = 0;
		};
		1D730DD01EE126C900AA232A /* Resources */ = {
			isa = PBXResourcesBuildPhase;
			buildActionMask = 2147483647;
			files = (
			);
			runOnlyForDeploymentPostprocessing = 0;
		};
		1D730DDB1EE126C900AA232A /* Resources */ = {
			isa = PBXResourcesBuildPhase;
			buildActionMask = 2147483647;
			files = (
			);
			runOnlyForDeploymentPostprocessing = 0;
		};
/* End PBXResourcesBuildPhase section */

/* Begin PBXShellScriptBuildPhase section */
		18563490B9D49193868C61DF /* [CP] Embed Pods Frameworks */ = {
			isa = PBXShellScriptBuildPhase;
			buildActionMask = 2147483647;
			files = (
			);
			inputPaths = (
				"${SRCROOT}/Pods/Target Support Files/Pods-Lyrics-LyricsTests/Pods-Lyrics-LyricsTests-frameworks.sh",
				"${BUILT_PRODUCTS_DIR}/VSApiClient/VSApiClient.framework",
			);
			name = "[CP] Embed Pods Frameworks";
			outputPaths = (
				"${TARGET_BUILD_DIR}/${FRAMEWORKS_FOLDER_PATH}/VSApiClient.framework",
			);
			runOnlyForDeploymentPostprocessing = 0;
			shellPath = /bin/sh;
			shellScript = "\"${SRCROOT}/Pods/Target Support Files/Pods-LyricsTests/Pods-LyricsTests-frameworks.sh\"\n";
			showEnvVarsInLog = 0;
		};
		2AD129A0807831DBDE8A120A /* [CP] Copy Pods Resources */ = {
			isa = PBXShellScriptBuildPhase;
			buildActionMask = 2147483647;
			files = (
			);
			inputPaths = (
			);
			name = "[CP] Copy Pods Resources";
			outputPaths = (
			);
			runOnlyForDeploymentPostprocessing = 0;
			shellPath = /bin/sh;
			shellScript = "\"${SRCROOT}/Pods/Target Support Files/Pods-LyricsUITests/Pods-LyricsUITests-resources.sh\"\n";
			showEnvVarsInLog = 0;
		};
		611B5A6CDA7F74D92456917B /* [CP] Embed Pods Frameworks */ = {
			isa = PBXShellScriptBuildPhase;
			buildActionMask = 2147483647;
			files = (
			);
			inputPaths = (
				"${SRCROOT}/Pods/Target Support Files/Pods-Lyrics-LyricsUITests/Pods-Lyrics-LyricsUITests-frameworks.sh",
				"${BUILT_PRODUCTS_DIR}/VSApiClient/VSApiClient.framework",
			);
			name = "[CP] Embed Pods Frameworks";
			outputPaths = (
				"${TARGET_BUILD_DIR}/${FRAMEWORKS_FOLDER_PATH}/VSApiClient.framework",
			);
			runOnlyForDeploymentPostprocessing = 0;
			shellPath = /bin/sh;
			shellScript = "\"${SRCROOT}/Pods/Target Support Files/Pods-LyricsUITests/Pods-LyricsUITests-frameworks.sh\"\n";
			showEnvVarsInLog = 0;
		};
		963B436F0E0BD1348638067C /* [CP] Copy Pods Resources */ = {
			isa = PBXShellScriptBuildPhase;
			buildActionMask = 2147483647;
			files = (
			);
			inputPaths = (
			);
			name = "[CP] Copy Pods Resources";
			outputPaths = (
			);
			runOnlyForDeploymentPostprocessing = 0;
			shellPath = /bin/sh;
			shellScript = "\"${SRCROOT}/Pods/Target Support Files/Pods-LyricsTests/Pods-LyricsTests-resources.sh\"\n";
			showEnvVarsInLog = 0;
		};
		9DFEE492E4D96F99A2E3C53E /* [CP] Copy Pods Resources */ = {
			isa = PBXShellScriptBuildPhase;
			buildActionMask = 2147483647;
			files = (
			);
			inputPaths = (
			);
			name = "[CP] Copy Pods Resources";
			outputPaths = (
			);
			runOnlyForDeploymentPostprocessing = 0;
			shellPath = /bin/sh;
			shellScript = "\"${SRCROOT}/Pods/Target Support Files/Pods-Lyrics/Pods-Lyrics-resources.sh\"\n";
			showEnvVarsInLog = 0;
		};
		DD3C3FA72020366A8A60976F /* [CP] Embed Pods Frameworks */ = {
			isa = PBXShellScriptBuildPhase;
			buildActionMask = 2147483647;
			files = (
			);
			inputPaths = (
				"${SRCROOT}/Pods/Target Support Files/Pods-Lyrics/Pods-Lyrics-frameworks.sh",
				"${BUILT_PRODUCTS_DIR}/VSApiClient/VSApiClient.framework",
			);
			name = "[CP] Embed Pods Frameworks";
			outputPaths = (
				"${TARGET_BUILD_DIR}/${FRAMEWORKS_FOLDER_PATH}/VSApiClient.framework",
			);
			runOnlyForDeploymentPostprocessing = 0;
			shellPath = /bin/sh;
			shellScript = "\"${SRCROOT}/Pods/Target Support Files/Pods-Lyrics/Pods-Lyrics-frameworks.sh\"\n";
			showEnvVarsInLog = 0;
		};
		E3710426854C57F5E062D7C5 /* [CP] Check Pods Manifest.lock */ = {
			isa = PBXShellScriptBuildPhase;
			buildActionMask = 2147483647;
			files = (
			);
			inputPaths = (
				"${PODS_PODFILE_DIR_PATH}/Podfile.lock",
				"${PODS_ROOT}/Manifest.lock",
			);
			name = "[CP] Check Pods Manifest.lock";
			outputPaths = (
				"$(DERIVED_FILE_DIR)/Pods-LyricsUITests-checkManifestLockResult.txt",
			);
			runOnlyForDeploymentPostprocessing = 0;
			shellPath = /bin/sh;
			shellScript = "diff \"${PODS_PODFILE_DIR_PATH}/Podfile.lock\" \"${PODS_ROOT}/Manifest.lock\" > /dev/null\nif [ $? != 0 ] ; then\n    # print error to STDERR\n    echo \"error: The sandbox is not in sync with the Podfile.lock. Run 'pod install' or update your CocoaPods installation.\" >&2\n    exit 1\nfi\n# This output is used by Xcode 'outputs' to avoid re-running this script phase.\necho \"SUCCESS\" > \"${SCRIPT_OUTPUT_FILE_0}\"\n";
			showEnvVarsInLog = 0;
		};
		E8056631024D1BB8E3122D44 /* [CP] Check Pods Manifest.lock */ = {
			isa = PBXShellScriptBuildPhase;
			buildActionMask = 2147483647;
			files = (
			);
			inputPaths = (
				"${PODS_PODFILE_DIR_PATH}/Podfile.lock",
				"${PODS_ROOT}/Manifest.lock",
			);
			name = "[CP] Check Pods Manifest.lock";
			outputPaths = (
				"$(DERIVED_FILE_DIR)/Pods-Lyrics-checkManifestLockResult.txt",
			);
			runOnlyForDeploymentPostprocessing = 0;
			shellPath = /bin/sh;
			shellScript = "diff \"${PODS_PODFILE_DIR_PATH}/Podfile.lock\" \"${PODS_ROOT}/Manifest.lock\" > /dev/null\nif [ $? != 0 ] ; then\n    # print error to STDERR\n    echo \"error: The sandbox is not in sync with the Podfile.lock. Run 'pod install' or update your CocoaPods installation.\" >&2\n    exit 1\nfi\n# This output is used by Xcode 'outputs' to avoid re-running this script phase.\necho \"SUCCESS\" > \"${SCRIPT_OUTPUT_FILE_0}\"\n";
			showEnvVarsInLog = 0;
		};
		F8B3AF86DF4DD60E1F56BB0E /* [CP] Check Pods Manifest.lock */ = {
			isa = PBXShellScriptBuildPhase;
			buildActionMask = 2147483647;
			files = (
			);
			inputPaths = (
				"${PODS_PODFILE_DIR_PATH}/Podfile.lock",
				"${PODS_ROOT}/Manifest.lock",
			);
			name = "[CP] Check Pods Manifest.lock";
			outputPaths = (
				"$(DERIVED_FILE_DIR)/Pods-LyricsTests-checkManifestLockResult.txt",
			);
			runOnlyForDeploymentPostprocessing = 0;
			shellPath = /bin/sh;
			shellScript = "diff \"${PODS_PODFILE_DIR_PATH}/Podfile.lock\" \"${PODS_ROOT}/Manifest.lock\" > /dev/null\nif [ $? != 0 ] ; then\n    # print error to STDERR\n    echo \"error: The sandbox is not in sync with the Podfile.lock. Run 'pod install' or update your CocoaPods installation.\" >&2\n    exit 1\nfi\n# This output is used by Xcode 'outputs' to avoid re-running this script phase.\necho \"SUCCESS\" > \"${SCRIPT_OUTPUT_FILE_0}\"\n";
			showEnvVarsInLog = 0;
		};
/* End PBXShellScriptBuildPhase section */

/* Begin PBXSourcesBuildPhase section */
		1D730DBA1EE126C900AA232A /* Sources */ = {
			isa = PBXSourcesBuildPhase;
			buildActionMask = 2147483647;
			files = (
				1D30D89D1EE3998800C221A3 /* Lyrics.swift in Sources */,
				1D730DC21EE126C900AA232A /* LYRAppDelegate.swift in Sources */,
				1DC97FA41F3809D800EAEFC9 /* GenericErrorView.swift in Sources */,
				1D56EFDA1EF503A8005A52B6 /* LYRGoogleMusicDataAdapter.swift in Sources */,
				1D05F4081F302A7D002AD6A9 /* UIView+Constraints.swift in Sources */,
				1DC97F9C1F3804F300EAEFC9 /* SuccessView.swift in Sources */,
				1DC69A721F6B8D980080D204 /* LYRMediaRemoteAdapter.m in Sources */,
				1DC97FA01F3809BC00EAEFC9 /* NetworkFailureView.swift in Sources */,
				1D246A7A1EF614C0007F4865 /* LYRMainViewController.swift in Sources */,
				1D1941781EF4D6E000B4F1B6 /* LYRDataAdapterProtocol.swift in Sources */,
				1DEA52C01F36CBEA00500D18 /* UIView+NibLoadable.swift in Sources */,
				1D05F40E1F303E34002AD6A9 /* LYRLoadableDatasource.swift in Sources */,
				1DC97F981F3803E900EAEFC9 /* LoadingView.swift in Sources */,
				1D19417D1EF4DE7700B4F1B6 /* LYRDataAdapter.swift in Sources */,
				1D343E6F1F40112500F6114E /* NothingPlayingView.swift in Sources */,
				1D343E691F3FF19000F6114E /* NoAlbumArtSuccessView.swift in Sources */,
			);
			runOnlyForDeploymentPostprocessing = 0;
		};
		1D730DCE1EE126C900AA232A /* Sources */ = {
			isa = PBXSourcesBuildPhase;
			buildActionMask = 2147483647;
			files = (
				1D730DD71EE126C900AA232A /* LyricsTests.swift in Sources */,
			);
			runOnlyForDeploymentPostprocessing = 0;
		};
		1D730DD91EE126C900AA232A /* Sources */ = {
			isa = PBXSourcesBuildPhase;
			buildActionMask = 2147483647;
			files = (
				1D730DE21EE126C900AA232A /* LyricsUITests.swift in Sources */,
			);
			runOnlyForDeploymentPostprocessing = 0;
		};
/* End PBXSourcesBuildPhase section */

/* Begin PBXTargetDependency section */
		1D730DD41EE126C900AA232A /* PBXTargetDependency */ = {
			isa = PBXTargetDependency;
			target = 1D730DBD1EE126C900AA232A /* Lyrics */;
			targetProxy = 1D730DD31EE126C900AA232A /* PBXContainerItemProxy */;
		};
		1D730DDF1EE126C900AA232A /* PBXTargetDependency */ = {
			isa = PBXTargetDependency;
			target = 1D730DBD1EE126C900AA232A /* Lyrics */;
			targetProxy = 1D730DDE1EE126C900AA232A /* PBXContainerItemProxy */;
		};
/* End PBXTargetDependency section */

/* Begin PBXVariantGroup section */
		1D730DC51EE126C900AA232A /* Main.storyboard */ = {
			isa = PBXVariantGroup;
			children = (
				1D730DC61EE126C900AA232A /* Base */,
			);
			name = Main.storyboard;
			path = .;
			sourceTree = "<group>";
		};
		1D730DCA1EE126C900AA232A /* LaunchScreen.storyboard */ = {
			isa = PBXVariantGroup;
			children = (
				1D730DCB1EE126C900AA232A /* Base */,
			);
			name = LaunchScreen.storyboard;
			path = .;
			sourceTree = "<group>";
		};
/* End PBXVariantGroup section */

/* Begin XCBuildConfiguration section */
		1D730DE41EE126C900AA232A /* Debug */ = {
			isa = XCBuildConfiguration;
			buildSettings = {
				ALWAYS_SEARCH_USER_PATHS = NO;
				CLANG_ANALYZER_NONNULL = YES;
				CLANG_ANALYZER_NUMBER_OBJECT_CONVERSION = YES_AGGRESSIVE;
				CLANG_CXX_LANGUAGE_STANDARD = "gnu++0x";
				CLANG_CXX_LIBRARY = "libc++";
				CLANG_ENABLE_MODULES = YES;
				CLANG_ENABLE_OBJC_ARC = YES;
				CLANG_WARN_BLOCK_CAPTURE_AUTORELEASING = YES;
				CLANG_WARN_BOOL_CONVERSION = YES;
				CLANG_WARN_COMMA = YES;
				CLANG_WARN_CONSTANT_CONVERSION = YES;
				CLANG_WARN_DIRECT_OBJC_ISA_USAGE = YES_ERROR;
				CLANG_WARN_DOCUMENTATION_COMMENTS = YES;
				CLANG_WARN_EMPTY_BODY = YES;
				CLANG_WARN_ENUM_CONVERSION = YES;
				CLANG_WARN_INFINITE_RECURSION = YES;
				CLANG_WARN_INT_CONVERSION = YES;
				CLANG_WARN_NON_LITERAL_NULL_CONVERSION = YES;
				CLANG_WARN_OBJC_LITERAL_CONVERSION = YES;
				CLANG_WARN_OBJC_ROOT_CLASS = YES_ERROR;
				CLANG_WARN_RANGE_LOOP_ANALYSIS = YES;
				CLANG_WARN_STRICT_PROTOTYPES = YES;
				CLANG_WARN_SUSPICIOUS_MOVE = YES;
				CLANG_WARN_UNREACHABLE_CODE = YES;
				CLANG_WARN__DUPLICATE_METHOD_MATCH = YES;
				"CODE_SIGN_IDENTITY[sdk=iphoneos*]" = "iPhone Developer";
				COPY_PHASE_STRIP = NO;
				DEBUG_INFORMATION_FORMAT = dwarf;
				ENABLE_STRICT_OBJC_MSGSEND = YES;
				ENABLE_TESTABILITY = YES;
				GCC_C_LANGUAGE_STANDARD = gnu99;
				GCC_DYNAMIC_NO_PIC = NO;
				GCC_NO_COMMON_BLOCKS = YES;
				GCC_OPTIMIZATION_LEVEL = 0;
				GCC_PREPROCESSOR_DEFINITIONS = (
					"DEBUG=1",
					"$(inherited)",
				);
				GCC_TREAT_WARNINGS_AS_ERRORS = YES;
				GCC_WARN_64_TO_32_BIT_CONVERSION = YES;
				GCC_WARN_ABOUT_RETURN_TYPE = YES_ERROR;
				GCC_WARN_UNDECLARED_SELECTOR = YES;
				GCC_WARN_UNINITIALIZED_AUTOS = YES_AGGRESSIVE;
				GCC_WARN_UNUSED_FUNCTION = YES;
				GCC_WARN_UNUSED_VARIABLE = YES;
				IPHONEOS_DEPLOYMENT_TARGET = 10.3;
				MTL_ENABLE_DEBUG_INFO = YES;
				ONLY_ACTIVE_ARCH = YES;
				SDKROOT = iphoneos;
				SWIFT_ACTIVE_COMPILATION_CONDITIONS = DEBUG;
				SWIFT_OPTIMIZATION_LEVEL = "-Onone";
				SWIFT_SWIFT3_OBJC_INFERENCE = Off;
				SWIFT_TREAT_WARNINGS_AS_ERRORS = YES;
				SWIFT_VERSION = 3.0;
				TARGETED_DEVICE_FAMILY = "1,2";
			};
			name = Debug;
		};
		1D730DE51EE126C900AA232A /* Release */ = {
			isa = XCBuildConfiguration;
			buildSettings = {
				ALWAYS_SEARCH_USER_PATHS = NO;
				CLANG_ANALYZER_NONNULL = YES;
				CLANG_ANALYZER_NUMBER_OBJECT_CONVERSION = YES_AGGRESSIVE;
				CLANG_CXX_LANGUAGE_STANDARD = "gnu++0x";
				CLANG_CXX_LIBRARY = "libc++";
				CLANG_ENABLE_MODULES = YES;
				CLANG_ENABLE_OBJC_ARC = YES;
				CLANG_WARN_BLOCK_CAPTURE_AUTORELEASING = YES;
				CLANG_WARN_BOOL_CONVERSION = YES;
				CLANG_WARN_COMMA = YES;
				CLANG_WARN_CONSTANT_CONVERSION = YES;
				CLANG_WARN_DIRECT_OBJC_ISA_USAGE = YES_ERROR;
				CLANG_WARN_DOCUMENTATION_COMMENTS = YES;
				CLANG_WARN_EMPTY_BODY = YES;
				CLANG_WARN_ENUM_CONVERSION = YES;
				CLANG_WARN_INFINITE_RECURSION = YES;
				CLANG_WARN_INT_CONVERSION = YES;
				CLANG_WARN_NON_LITERAL_NULL_CONVERSION = YES;
				CLANG_WARN_OBJC_LITERAL_CONVERSION = YES;
				CLANG_WARN_OBJC_ROOT_CLASS = YES_ERROR;
				CLANG_WARN_RANGE_LOOP_ANALYSIS = YES;
				CLANG_WARN_STRICT_PROTOTYPES = YES;
				CLANG_WARN_SUSPICIOUS_MOVE = YES;
				CLANG_WARN_UNREACHABLE_CODE = YES;
				CLANG_WARN__DUPLICATE_METHOD_MATCH = YES;
				"CODE_SIGN_IDENTITY[sdk=iphoneos*]" = "iPhone Developer";
				COPY_PHASE_STRIP = NO;
				DEBUG_INFORMATION_FORMAT = "dwarf-with-dsym";
				ENABLE_NS_ASSERTIONS = NO;
				ENABLE_STRICT_OBJC_MSGSEND = YES;
				GCC_C_LANGUAGE_STANDARD = gnu99;
				GCC_NO_COMMON_BLOCKS = YES;
				GCC_TREAT_WARNINGS_AS_ERRORS = YES;
				GCC_WARN_64_TO_32_BIT_CONVERSION = YES;
				GCC_WARN_ABOUT_RETURN_TYPE = YES_ERROR;
				GCC_WARN_UNDECLARED_SELECTOR = YES;
				GCC_WARN_UNINITIALIZED_AUTOS = YES_AGGRESSIVE;
				GCC_WARN_UNUSED_FUNCTION = YES;
				GCC_WARN_UNUSED_VARIABLE = YES;
				IPHONEOS_DEPLOYMENT_TARGET = 10.3;
				MTL_ENABLE_DEBUG_INFO = NO;
				SDKROOT = iphoneos;
				SWIFT_OPTIMIZATION_LEVEL = "-Owholemodule";
				SWIFT_SWIFT3_OBJC_INFERENCE = Off;
				SWIFT_TREAT_WARNINGS_AS_ERRORS = YES;
				SWIFT_VERSION = 3.0;
				TARGETED_DEVICE_FAMILY = "1,2";
				VALIDATE_PRODUCT = YES;
			};
			name = Release;
		};
		1D730DE71EE126C900AA232A /* Debug */ = {
			isa = XCBuildConfiguration;
			baseConfigurationReference = A555DD3B878551AAB5C1E70A /* Pods-Lyrics.debug.xcconfig */;
			buildSettings = {
				ASSETCATALOG_COMPILER_APPICON_NAME = AppIcon;
				CLANG_ENABLE_MODULES = YES;
				DEVELOPMENT_TEAM = 67DFAM4Q32;
				FRAMEWORK_SEARCH_PATHS = (
					"$(inherited)",
					/Applications/Xcode.app/Contents/Developer/Platforms/iPhoneOS.platform/Developer/SDKs/iPhoneOS.sdk/System/Library/PrivateFrameworks,
				);
				INFOPLIST_FILE = "Lyrics/7 Supporting Files/Info.plist";
				IPHONEOS_DEPLOYMENT_TARGET = 10.3;
				LD_RUNPATH_SEARCH_PATHS = "$(inherited) @executable_path/Frameworks";
				ONLY_ACTIVE_ARCH = YES;
				PRODUCT_BUNDLE_IDENTIFIER = com.vikas.Lyrics;
				PRODUCT_NAME = "$(TARGET_NAME)";
				SWIFT_OBJC_BRIDGING_HEADER = "Lyrics/7 Supporting Files/Lyrics-Bridging-Header.h";
				SWIFT_OPTIMIZATION_LEVEL = "-Onone";
				SWIFT_VERSION = 3.0;
			};
			name = Debug;
		};
		1D730DE81EE126C900AA232A /* Release */ = {
			isa = XCBuildConfiguration;
			baseConfigurationReference = 5A14FC90A00752D5EE414715 /* Pods-Lyrics.release.xcconfig */;
			buildSettings = {
				ASSETCATALOG_COMPILER_APPICON_NAME = AppIcon;
				CLANG_ENABLE_MODULES = YES;
				DEVELOPMENT_TEAM = 67DFAM4Q32;
				FRAMEWORK_SEARCH_PATHS = (
					"$(inherited)",
					/Applications/Xcode.app/Contents/Developer/Platforms/iPhoneOS.platform/Developer/SDKs/iPhoneOS.sdk/System/Library/PrivateFrameworks,
				);
				INFOPLIST_FILE = "Lyrics/7 Supporting Files/Info.plist";
				IPHONEOS_DEPLOYMENT_TARGET = 10.3;
				LD_RUNPATH_SEARCH_PATHS = "$(inherited) @executable_path/Frameworks";
				PRODUCT_BUNDLE_IDENTIFIER = com.vikas.Lyrics;
				PRODUCT_NAME = "$(TARGET_NAME)";
				SWIFT_OBJC_BRIDGING_HEADER = "Lyrics/7 Supporting Files/Lyrics-Bridging-Header.h";
				SWIFT_VERSION = 3.0;
			};
			name = Release;
		};
		1D730DEA1EE126C900AA232A /* Debug */ = {
			isa = XCBuildConfiguration;
			baseConfigurationReference = FB745B0540703BC449B94950 /* Pods-LyricsTests.debug.xcconfig */;
			buildSettings = {
				ALWAYS_EMBED_SWIFT_STANDARD_LIBRARIES = YES;
				BUNDLE_LOADER = "$(TEST_HOST)";
				DEVELOPMENT_TEAM = 67DFAM4Q32;
				INFOPLIST_FILE = LyricsTests/Info.plist;
				LD_RUNPATH_SEARCH_PATHS = "$(inherited) @executable_path/Frameworks @loader_path/Frameworks";
				PRODUCT_BUNDLE_IDENTIFIER = com.vikas.LyricsTests;
				PRODUCT_NAME = "$(TARGET_NAME)";
				TEST_HOST = "$(BUILT_PRODUCTS_DIR)/Lyrics.app/Lyrics";
			};
			name = Debug;
		};
		1D730DEB1EE126C900AA232A /* Release */ = {
			isa = XCBuildConfiguration;
			baseConfigurationReference = 262C7AAFD0C1864A163208B6 /* Pods-LyricsTests.release.xcconfig */;
			buildSettings = {
				ALWAYS_EMBED_SWIFT_STANDARD_LIBRARIES = YES;
				BUNDLE_LOADER = "$(TEST_HOST)";
				DEVELOPMENT_TEAM = 67DFAM4Q32;
				INFOPLIST_FILE = LyricsTests/Info.plist;
				LD_RUNPATH_SEARCH_PATHS = "$(inherited) @executable_path/Frameworks @loader_path/Frameworks";
				PRODUCT_BUNDLE_IDENTIFIER = com.vikas.LyricsTests;
				PRODUCT_NAME = "$(TARGET_NAME)";
				TEST_HOST = "$(BUILT_PRODUCTS_DIR)/Lyrics.app/Lyrics";
			};
			name = Release;
		};
		1D730DED1EE126C900AA232A /* Debug */ = {
			isa = XCBuildConfiguration;
			baseConfigurationReference = 24CE5F7B3FED28F2F7B502D9 /* Pods-LyricsUITests.debug.xcconfig */;
			buildSettings = {
				ALWAYS_EMBED_SWIFT_STANDARD_LIBRARIES = YES;
				DEVELOPMENT_TEAM = 67DFAM4Q32;
				INFOPLIST_FILE = LyricsUITests/Info.plist;
				LD_RUNPATH_SEARCH_PATHS = "$(inherited) @executable_path/Frameworks @loader_path/Frameworks";
				PRODUCT_BUNDLE_IDENTIFIER = com.vikas.LyricsUITests;
				PRODUCT_NAME = "$(TARGET_NAME)";
				TEST_TARGET_NAME = Lyrics;
			};
			name = Debug;
		};
		1D730DEE1EE126C900AA232A /* Release */ = {
			isa = XCBuildConfiguration;
			baseConfigurationReference = A7AE27A3CFB3646202F76529 /* Pods-LyricsUITests.release.xcconfig */;
			buildSettings = {
				ALWAYS_EMBED_SWIFT_STANDARD_LIBRARIES = YES;
				DEVELOPMENT_TEAM = 67DFAM4Q32;
				INFOPLIST_FILE = LyricsUITests/Info.plist;
				LD_RUNPATH_SEARCH_PATHS = "$(inherited) @executable_path/Frameworks @loader_path/Frameworks";
				PRODUCT_BUNDLE_IDENTIFIER = com.vikas.LyricsUITests;
				PRODUCT_NAME = "$(TARGET_NAME)";
				TEST_TARGET_NAME = Lyrics;
			};
			name = Release;
		};
/* End XCBuildConfiguration section */

/* Begin XCConfigurationList section */
		1D730DB91EE126C900AA232A /* Build configuration list for PBXProject "Lyrics" */ = {
			isa = XCConfigurationList;
			buildConfigurations = (
				1D730DE41EE126C900AA232A /* Debug */,
				1D730DE51EE126C900AA232A /* Release */,
			);
			defaultConfigurationIsVisible = 0;
			defaultConfigurationName = Release;
		};
		1D730DE61EE126C900AA232A /* Build configuration list for PBXNativeTarget "Lyrics" */ = {
			isa = XCConfigurationList;
			buildConfigurations = (
				1D730DE71EE126C900AA232A /* Debug */,
				1D730DE81EE126C900AA232A /* Release */,
			);
			defaultConfigurationIsVisible = 0;
			defaultConfigurationName = Release;
		};
		1D730DE91EE126C900AA232A /* Build configuration list for PBXNativeTarget "LyricsTests" */ = {
			isa = XCConfigurationList;
			buildConfigurations = (
				1D730DEA1EE126C900AA232A /* Debug */,
				1D730DEB1EE126C900AA232A /* Release */,
			);
			defaultConfigurationIsVisible = 0;
			defaultConfigurationName = Release;
		};
		1D730DEC1EE126C900AA232A /* Build configuration list for PBXNativeTarget "LyricsUITests" */ = {
			isa = XCConfigurationList;
			buildConfigurations = (
				1D730DED1EE126C900AA232A /* Debug */,
				1D730DEE1EE126C900AA232A /* Release */,
			);
			defaultConfigurationIsVisible = 0;
			defaultConfigurationName = Release;
		};
/* End XCConfigurationList section */
	};
	rootObject = 1D730DB61EE126C900AA232A /* Project object */;
}
